// !$*UTF8*$!
{
	archiveVersion = 1;
	classes = {
	};
	objectVersion = 50;
	objects = {

/* Begin PBXBuildFile section */
		8A684EE92574EB4100BD717C /* SwiftUIDemoApp.swift in Sources */ = {isa = PBXBuildFile; fileRef = 8A684EE82574EB4100BD717C /* SwiftUIDemoApp.swift */; };
		8A684EEB2574EB4100BD717C /* FriendsList.swift in Sources */ = {isa = PBXBuildFile; fileRef = 8A684EEA2574EB4100BD717C /* FriendsList.swift */; };
		8A684EED2574EB4100BD717C /* Assets.xcassets in Resources */ = {isa = PBXBuildFile; fileRef = 8A684EEC2574EB4100BD717C /* Assets.xcassets */; };
		8A684EF02574EB4100BD717C /* Preview Assets.xcassets in Resources */ = {isa = PBXBuildFile; fileRef = 8A684EEF2574EB4100BD717C /* Preview Assets.xcassets */; };
		8A684EF92574ED7500BD717C /* TopView.swift in Sources */ = {isa = PBXBuildFile; fileRef = 8A684EF82574ED7500BD717C /* TopView.swift */; };
		8A684EFD25750C1600BD717C /* Cell.swift in Sources */ = {isa = PBXBuildFile; fileRef = 8A684EFC25750C1600BD717C /* Cell.swift */; };
		8A684F002575128D00BD717C /* UserResponse.swift in Sources */ = {isa = PBXBuildFile; fileRef = 8A684EFF2575128D00BD717C /* UserResponse.swift */; };
		8A684F032575136E00BD717C /* userModelData.json in Resources */ = {isa = PBXBuildFile; fileRef = 8A684F022575136E00BD717C /* userModelData.json */; };
		8A684F1025751AE400BD717C /* coursesModelData.json in Resources */ = {isa = PBXBuildFile; fileRef = 8A684F0F25751AE400BD717C /* coursesModelData.json */; };
		8A684F1325751B0E00BD717C /* ProductsResponse.swift in Sources */ = {isa = PBXBuildFile; fileRef = 8A684F1225751B0E00BD717C /* ProductsResponse.swift */; };
		8A999B4725754F2200F0542B /* Data.swift in Sources */ = {isa = PBXBuildFile; fileRef = 8A999B4625754F2200F0542B /* Data.swift */; };
		8A999B4B25754F8F00F0542B /* ContentView.swift in Sources */ = {isa = PBXBuildFile; fileRef = 8A999B4A25754F8F00F0542B /* ContentView.swift */; };
		8A999B4E2575574D00F0542B /* ProductRow.swift in Sources */ = {isa = PBXBuildFile; fileRef = 8A999B4D2575574D00F0542B /* ProductRow.swift */; };
		8A999B5125755A3500F0542B /* ProductItem.swift in Sources */ = {isa = PBXBuildFile; fileRef = 8A999B5025755A3500F0542B /* ProductItem.swift */; };
		8A999B5625762D1A00F0542B /* DetailScreen.swift in Sources */ = {isa = PBXBuildFile; fileRef = 8A999B5525762D1A00F0542B /* DetailScreen.swift */; };
/* End PBXBuildFile section */

/* Begin PBXFileReference section */
		8A684EE52574EB4100BD717C /* SwiftUIDemo.app */ = {isa = PBXFileReference; explicitFileType = wrapper.application; includeInIndex = 0; path = SwiftUIDemo.app; sourceTree = BUILT_PRODUCTS_DIR; };
		8A684EE82574EB4100BD717C /* SwiftUIDemoApp.swift */ = {isa = PBXFileReference; lastKnownFileType = sourcecode.swift; path = SwiftUIDemoApp.swift; sourceTree = "<group>"; };
		8A684EEA2574EB4100BD717C /* FriendsList.swift */ = {isa = PBXFileReference; lastKnownFileType = sourcecode.swift; path = FriendsList.swift; sourceTree = "<group>"; };
		8A684EEC2574EB4100BD717C /* Assets.xcassets */ = {isa = PBXFileReference; lastKnownFileType = folder.assetcatalog; path = Assets.xcassets; sourceTree = "<group>"; };
		8A684EEF2574EB4100BD717C /* Preview Assets.xcassets */ = {isa = PBXFileReference; lastKnownFileType = folder.assetcatalog; path = "Preview Assets.xcassets"; sourceTree = "<group>"; };
		8A684EF12574EB4100BD717C /* Info.plist */ = {isa = PBXFileReference; lastKnownFileType = text.plist.xml; path = Info.plist; sourceTree = "<group>"; };
		8A684EF82574ED7500BD717C /* TopView.swift */ = {isa = PBXFileReference; lastKnownFileType = sourcecode.swift; path = TopView.swift; sourceTree = "<group>"; };
		8A684EFC25750C1600BD717C /* Cell.swift */ = {isa = PBXFileReference; lastKnownFileType = sourcecode.swift; path = Cell.swift; sourceTree = "<group>"; };
		8A684EFF2575128D00BD717C /* UserResponse.swift */ = {isa = PBXFileReference; lastKnownFileType = sourcecode.swift; path = UserResponse.swift; sourceTree = "<group>"; };
		8A684F022575136E00BD717C /* userModelData.json */ = {isa = PBXFileReference; fileEncoding = 4; lastKnownFileType = text.json; path = userModelData.json; sourceTree = "<group>"; };
		8A684F0F25751AE400BD717C /* coursesModelData.json */ = {isa = PBXFileReference; fileEncoding = 4; lastKnownFileType = text.json; path = coursesModelData.json; sourceTree = "<group>"; };
		8A684F1225751B0E00BD717C /* ProductsResponse.swift */ = {isa = PBXFileReference; lastKnownFileType = sourcecode.swift; path = ProductsResponse.swift; sourceTree = "<group>"; };
		8A999B4625754F2200F0542B /* Data.swift */ = {isa = PBXFileReference; fileEncoding = 4; lastKnownFileType = sourcecode.swift; name = Data.swift; path = "../../../../../Downloads/[SwiftBook] Программирование на Swift/24. Фреймворк SwiftUI/03. SwiftUI - Complex Layouts/SwiftUI_Course_Complex_Layouts_Starter-master/SwifbookApp/Models/Data.swift"; sourceTree = "<group>"; };
		8A999B4A25754F8F00F0542B /* ContentView.swift */ = {isa = PBXFileReference; lastKnownFileType = sourcecode.swift; path = ContentView.swift; sourceTree = "<group>"; };
		8A999B4D2575574D00F0542B /* ProductRow.swift */ = {isa = PBXFileReference; lastKnownFileType = sourcecode.swift; path = ProductRow.swift; sourceTree = "<group>"; };
		8A999B5025755A3500F0542B /* ProductItem.swift */ = {isa = PBXFileReference; lastKnownFileType = sourcecode.swift; path = ProductItem.swift; sourceTree = "<group>"; };
		8A999B5525762D1A00F0542B /* DetailScreen.swift */ = {isa = PBXFileReference; lastKnownFileType = sourcecode.swift; path = DetailScreen.swift; sourceTree = "<group>"; };
/* End PBXFileReference section */

/* Begin PBXFrameworksBuildPhase section */
		8A684EE22574EB4100BD717C /* Frameworks */ = {
			isa = PBXFrameworksBuildPhase;
			buildActionMask = 2147483647;
			files = (
			);
			runOnlyForDeploymentPostprocessing = 0;
		};
/* End PBXFrameworksBuildPhase section */

/* Begin PBXGroup section */
		8A684EDC2574EB4100BD717C = {
			isa = PBXGroup;
			children = (
				8A684EE72574EB4100BD717C /* SwiftUIDemo */,
				8A684EE62574EB4100BD717C /* Products */,
			);
			sourceTree = "<group>";
		};
		8A684EE62574EB4100BD717C /* Products */ = {
			isa = PBXGroup;
			children = (
				8A684EE52574EB4100BD717C /* SwiftUIDemo.app */,
			);
			name = Products;
			sourceTree = "<group>";
		};
		8A684EE72574EB4100BD717C /* SwiftUIDemo */ = {
			isa = PBXGroup;
			children = (
				8A684EE82574EB4100BD717C /* SwiftUIDemoApp.swift */,
				8A999B5325762CCA00F0542B /* Detail */,
				8A999B5425762CE300F0542B /* HomeScreen */,
				8A684F0D25751A9C00BD717C /* FriendsList */,
				8A684F0925751A7C00BD717C /* Models */,
				8A684EEC2574EB4100BD717C /* Assets.xcassets */,
				8A684EF12574EB4100BD717C /* Info.plist */,
				8A684F0B25751A8800BD717C /* Resources */,
				8A684EEE2574EB4100BD717C /* Preview Content */,
			);
			path = SwiftUIDemo;
			sourceTree = "<group>";
		};
		8A684EEE2574EB4100BD717C /* Preview Content */ = {
			isa = PBXGroup;
			children = (
				8A684EEF2574EB4100BD717C /* Preview Assets.xcassets */,
			);
			path = "Preview Content";
			sourceTree = "<group>";
		};
		8A684F0925751A7C00BD717C /* Models */ = {
			isa = PBXGroup;
			children = (
				8A684EFF2575128D00BD717C /* UserResponse.swift */,
				8A684F1225751B0E00BD717C /* ProductsResponse.swift */,
				8A999B4625754F2200F0542B /* Data.swift */,
			);
			path = Models;
			sourceTree = "<group>";
		};
		8A684F0B25751A8800BD717C /* Resources */ = {
			isa = PBXGroup;
			children = (
				8A684F022575136E00BD717C /* userModelData.json */,
				8A684F0F25751AE400BD717C /* coursesModelData.json */,
			);
			path = Resources;
			sourceTree = "<group>";
		};
		8A684F0D25751A9C00BD717C /* FriendsList */ = {
			isa = PBXGroup;
			children = (
				8A684EEA2574EB4100BD717C /* FriendsList.swift */,
				8A684EF82574ED7500BD717C /* TopView.swift */,
				8A684EFC25750C1600BD717C /* Cell.swift */,
			);
			path = FriendsList;
			sourceTree = "<group>";
		};
		8A999B5325762CCA00F0542B /* Detail */ = {
			isa = PBXGroup;
			children = (
				8A999B5525762D1A00F0542B /* DetailScreen.swift */,
			);
			path = Detail;
			sourceTree = "<group>";
		};
		8A999B5425762CE300F0542B /* HomeScreen */ = {
			isa = PBXGroup;
			children = (
				8A999B4A25754F8F00F0542B /* ContentView.swift */,
				8A999B4D2575574D00F0542B /* ProductRow.swift */,
				8A999B5025755A3500F0542B /* ProductItem.swift */,
			);
			path = HomeScreen;
			sourceTree = "<group>";
		};
/* End PBXGroup section */

/* Begin PBXNativeTarget section */
		8A684EE42574EB4100BD717C /* SwiftUIDemo */ = {
			isa = PBXNativeTarget;
			buildConfigurationList = 8A684EF42574EB4100BD717C /* Build configuration list for PBXNativeTarget "SwiftUIDemo" */;
			buildPhases = (
				8A684EE12574EB4100BD717C /* Sources */,
				8A684EE22574EB4100BD717C /* Frameworks */,
				8A684EE32574EB4100BD717C /* Resources */,
			);
			buildRules = (
			);
			dependencies = (
			);
			name = SwiftUIDemo;
			productName = SwiftUIDemo;
			productReference = 8A684EE52574EB4100BD717C /* SwiftUIDemo.app */;
			productType = "com.apple.product-type.application";
		};
/* End PBXNativeTarget section */

/* Begin PBXProject section */
		8A684EDD2574EB4100BD717C /* Project object */ = {
			isa = PBXProject;
			attributes = {
				LastSwiftUpdateCheck = 1220;
				LastUpgradeCheck = 1220;
				TargetAttributes = {
					8A684EE42574EB4100BD717C = {
						CreatedOnToolsVersion = 12.2;
					};
				};
			};
			buildConfigurationList = 8A684EE02574EB4100BD717C /* Build configuration list for PBXProject "SwiftUIDemo" */;
			compatibilityVersion = "Xcode 9.3";
			developmentRegion = en;
			hasScannedForEncodings = 0;
			knownRegions = (
				en,
				Base,
			);
			mainGroup = 8A684EDC2574EB4100BD717C;
			productRefGroup = 8A684EE62574EB4100BD717C /* Products */;
			projectDirPath = "";
			projectRoot = "";
			targets = (
				8A684EE42574EB4100BD717C /* SwiftUIDemo */,
			);
		};
/* End PBXProject section */

/* Begin PBXResourcesBuildPhase section */
		8A684EE32574EB4100BD717C /* Resources */ = {
			isa = PBXResourcesBuildPhase;
			buildActionMask = 2147483647;
			files = (
				8A684F1025751AE400BD717C /* coursesModelData.json in Resources */,
				8A684F032575136E00BD717C /* userModelData.json in Resources */,
				8A684EF02574EB4100BD717C /* Preview Assets.xcassets in Resources */,
				8A684EED2574EB4100BD717C /* Assets.xcassets in Resources */,
			);
			runOnlyForDeploymentPostprocessing = 0;
		};
/* End PBXResourcesBuildPhase section */

/* Begin PBXSourcesBuildPhase section */
		8A684EE12574EB4100BD717C /* Sources */ = {
			isa = PBXSourcesBuildPhase;
			buildActionMask = 2147483647;
			files = (
				8A684F002575128D00BD717C /* UserResponse.swift in Sources */,
				8A684F1325751B0E00BD717C /* ProductsResponse.swift in Sources */,
				8A999B5125755A3500F0542B /* ProductItem.swift in Sources */,
				8A999B4B25754F8F00F0542B /* ContentView.swift in Sources */,
				8A684EEB2574EB4100BD717C /* FriendsList.swift in Sources */,
				8A684EFD25750C1600BD717C /* Cell.swift in Sources */,
				8A684EF92574ED7500BD717C /* TopView.swift in Sources */,
				8A684EE92574EB4100BD717C /* SwiftUIDemoApp.swift in Sources */,
				8A999B4725754F2200F0542B /* Data.swift in Sources */,
				8A999B5625762D1A00F0542B /* DetailScreen.swift in Sources */,
				8A999B4E2575574D00F0542B /* ProductRow.swift in Sources */,
			);
			runOnlyForDeploymentPostprocessing = 0;
		};
/* End PBXSourcesBuildPhase section */

/* Begin XCBuildConfiguration section */
		8A684EF22574EB4100BD717C /* Debug */ = {
			isa = XCBuildConfiguration;
			buildSettings = {
				ALWAYS_SEARCH_USER_PATHS = NO;
				CLANG_ANALYZER_NONNULL = YES;
				CLANG_ANALYZER_NUMBER_OBJECT_CONVERSION = YES_AGGRESSIVE;
				CLANG_CXX_LANGUAGE_STANDARD = "gnu++14";
				CLANG_CXX_LIBRARY = "libc++";
				CLANG_ENABLE_MODULES = YES;
				CLANG_ENABLE_OBJC_ARC = YES;
				CLANG_ENABLE_OBJC_WEAK = YES;
				CLANG_WARN_BLOCK_CAPTURE_AUTORELEASING = YES;
				CLANG_WARN_BOOL_CONVERSION = YES;
				CLANG_WARN_COMMA = YES;
				CLANG_WARN_CONSTANT_CONVERSION = YES;
				CLANG_WARN_DEPRECATED_OBJC_IMPLEMENTATIONS = YES;
				CLANG_WARN_DIRECT_OBJC_ISA_USAGE = YES_ERROR;
				CLANG_WARN_DOCUMENTATION_COMMENTS = YES;
				CLANG_WARN_EMPTY_BODY = YES;
				CLANG_WARN_ENUM_CONVERSION = YES;
				CLANG_WARN_INFINITE_RECURSION = YES;
				CLANG_WARN_INT_CONVERSION = YES;
				CLANG_WARN_NON_LITERAL_NULL_CONVERSION = YES;
				CLANG_WARN_OBJC_IMPLICIT_RETAIN_SELF = YES;
				CLANG_WARN_OBJC_LITERAL_CONVERSION = YES;
				CLANG_WARN_OBJC_ROOT_CLASS = YES_ERROR;
				CLANG_WARN_QUOTED_INCLUDE_IN_FRAMEWORK_HEADER = YES;
				CLANG_WARN_RANGE_LOOP_ANALYSIS = YES;
				CLANG_WARN_STRICT_PROTOTYPES = YES;
				CLANG_WARN_SUSPICIOUS_MOVE = YES;
				CLANG_WARN_UNGUARDED_AVAILABILITY = YES_AGGRESSIVE;
				CLANG_WARN_UNREACHABLE_CODE = YES;
				CLANG_WARN__DUPLICATE_METHOD_MATCH = YES;
				COPY_PHASE_STRIP = NO;
				DEBUG_INFORMATION_FORMAT = dwarf;
				ENABLE_STRICT_OBJC_MSGSEND = YES;
				ENABLE_TESTABILITY = YES;
				GCC_C_LANGUAGE_STANDARD = gnu11;
				GCC_DYNAMIC_NO_PIC = NO;
				GCC_NO_COMMON_BLOCKS = YES;
				GCC_OPTIMIZATION_LEVEL = 0;
				GCC_PREPROCESSOR_DEFINITIONS = (
					"DEBUG=1",
					"$(inherited)",
				);
				GCC_WARN_64_TO_32_BIT_CONVERSION = YES;
				GCC_WARN_ABOUT_RETURN_TYPE = YES_ERROR;
				GCC_WARN_UNDECLARED_SELECTOR = YES;
				GCC_WARN_UNINITIALIZED_AUTOS = YES_AGGRESSIVE;
				GCC_WARN_UNUSED_FUNCTION = YES;
				GCC_WARN_UNUSED_VARIABLE = YES;
				IPHONEOS_DEPLOYMENT_TARGET = 14.2;
				MTL_ENABLE_DEBUG_INFO = INCLUDE_SOURCE;
				MTL_FAST_MATH = YES;
				ONLY_ACTIVE_ARCH = YES;
				SDKROOT = iphoneos;
				SWIFT_ACTIVE_COMPILATION_CONDITIONS = DEBUG;
				SWIFT_OPTIMIZATION_LEVEL = "-Onone";
			};
			name = Debug;
		};
		8A684EF32574EB4100BD717C /* Release */ = {
			isa = XCBuildConfiguration;
			buildSettings = {
				ALWAYS_SEARCH_USER_PATHS = NO;
				CLANG_ANALYZER_NONNULL = YES;
				CLANG_ANALYZER_NUMBER_OBJECT_CONVERSION = YES_AGGRESSIVE;
				CLANG_CXX_LANGUAGE_STANDARD = "gnu++14";
				CLANG_CXX_LIBRARY = "libc++";
				CLANG_ENABLE_MODULES = YES;
				CLANG_ENABLE_OBJC_ARC = YES;
				CLANG_ENABLE_OBJC_WEAK = YES;
				CLANG_WARN_BLOCK_CAPTURE_AUTORELEASING = YES;
				CLANG_WARN_BOOL_CONVERSION = YES;
				CLANG_WARN_COMMA = YES;
				CLANG_WARN_CONSTANT_CONVERSION = YES;
				CLANG_WARN_DEPRECATED_OBJC_IMPLEMENTATIONS = YES;
				CLANG_WARN_DIRECT_OBJC_ISA_USAGE = YES_ERROR;
				CLANG_WARN_DOCUMENTATION_COMMENTS = YES;
				CLANG_WARN_EMPTY_BODY = YES;
				CLANG_WARN_ENUM_CONVERSION = YES;
				CLANG_WARN_INFINITE_RECURSION = YES;
				CLANG_WARN_INT_CONVERSION = YES;
				CLANG_WARN_NON_LITERAL_NULL_CONVERSION = YES;
				CLANG_WARN_OBJC_IMPLICIT_RETAIN_SELF = YES;
				CLANG_WARN_OBJC_LITERAL_CONVERSION = YES;
				CLANG_WARN_OBJC_ROOT_CLASS = YES_ERROR;
				CLANG_WARN_QUOTED_INCLUDE_IN_FRAMEWORK_HEADER = YES;
				CLANG_WARN_RANGE_LOOP_ANALYSIS = YES;
				CLANG_WARN_STRICT_PROTOTYPES = YES;
				CLANG_WARN_SUSPICIOUS_MOVE = YES;
				CLANG_WARN_UNGUARDED_AVAILABILITY = YES_AGGRESSIVE;
				CLANG_WARN_UNREACHABLE_CODE = YES;
				CLANG_WARN__DUPLICATE_METHOD_MATCH = YES;
				COPY_PHASE_STRIP = NO;
				DEBUG_INFORMATION_FORMAT = "dwarf-with-dsym";
				ENABLE_NS_ASSERTIONS = NO;
				ENABLE_STRICT_OBJC_MSGSEND = YES;
				GCC_C_LANGUAGE_STANDARD = gnu11;
				GCC_NO_COMMON_BLOCKS = YES;
				GCC_WARN_64_TO_32_BIT_CONVERSION = YES;
				GCC_WARN_ABOUT_RETURN_TYPE = YES_ERROR;
				GCC_WARN_UNDECLARED_SELECTOR = YES;
				GCC_WARN_UNINITIALIZED_AUTOS = YES_AGGRESSIVE;
				GCC_WARN_UNUSED_FUNCTION = YES;
				GCC_WARN_UNUSED_VARIABLE = YES;
				IPHONEOS_DEPLOYMENT_TARGET = 14.2;
				MTL_ENABLE_DEBUG_INFO = NO;
				MTL_FAST_MATH = YES;
				SDKROOT = iphoneos;
				SWIFT_COMPILATION_MODE = wholemodule;
				SWIFT_OPTIMIZATION_LEVEL = "-O";
				VALIDATE_PRODUCT = YES;
			};
			name = Release;
		};
		8A684EF52574EB4100BD717C /* Debug */ = {
			isa = XCBuildConfiguration;
			buildSettings = {
				ASSETCATALOG_COMPILER_APPICON_NAME = AppIcon;
				ASSETCATALOG_COMPILER_GLOBAL_ACCENT_COLOR_NAME = AccentColor;
				CODE_SIGN_STYLE = Automatic;
				DEVELOPMENT_ASSET_PATHS = "\"SwiftUIDemo/Preview Content\"";
				DEVELOPMENT_TEAM = WH34DMFD48;
				ENABLE_PREVIEWS = YES;
				INFOPLIST_FILE = SwiftUIDemo/Info.plist;
				IPHONEOS_DEPLOYMENT_TARGET = 14.0;
				LD_RUNPATH_SEARCH_PATHS = (
					"$(inherited)",
					"@executable_path/Frameworks",
				);
				PRODUCT_BUNDLE_IDENTIFIER = Konkey.SwiftUIDemo;
				PRODUCT_NAME = "$(TARGET_NAME)";
				SWIFT_VERSION = 5.0;
				TARGETED_DEVICE_FAMILY = "1,2";
			};
			name = Debug;
		};
		8A684EF62574EB4100BD717C /* Release */ = {
			isa = XCBuildConfiguration;
			buildSettings = {
				ASSETCATALOG_COMPILER_APPICON_NAME = AppIcon;
				ASSETCATALOG_COMPILER_GLOBAL_ACCENT_COLOR_NAME = AccentColor;
				CODE_SIGN_STYLE = Automatic;
				DEVELOPMENT_ASSET_PATHS = "\"SwiftUIDemo/Preview Content\"";
				DEVELOPMENT_TEAM = WH34DMFD48;
				ENABLE_PREVIEWS = YES;
				INFOPLIST_FILE = SwiftUIDemo/Info.plist;
				IPHONEOS_DEPLOYMENT_TARGET = 14.0;
				LD_RUNPATH_SEARCH_PATHS = (
					"$(inherited)",
					"@executable_path/Frameworks",
				);
				PRODUCT_BUNDLE_IDENTIFIER = Konkey.SwiftUIDemo;
				PRODUCT_NAME = "$(TARGET_NAME)";
				SWIFT_VERSION = 5.0;
				TARGETED_DEVICE_FAMILY = "1,2";
			};
			name = Release;
		};
/* End XCBuildConfiguration section */

/* Begin XCConfigurationList section */
		8A684EE02574EB4100BD717C /* Build configuration list for PBXProject "SwiftUIDemo" */ = {
			isa = XCConfigurationList;
			buildConfigurations = (
				8A684EF22574EB4100BD717C /* Debug */,
				8A684EF32574EB4100BD717C /* Release */,
			);
			defaultConfigurationIsVisible = 0;
			defaultConfigurationName = Release;
		};
		8A684EF42574EB4100BD717C /* Build configuration list for PBXNativeTarget "SwiftUIDemo" */ = {
			isa = XCConfigurationList;
			buildConfigurations = (
				8A684EF52574EB4100BD717C /* Debug */,
				8A684EF62574EB4100BD717C /* Release */,
			);
			defaultConfigurationIsVisible = 0;
			defaultConfigurationName = Release;
		};
/* End XCConfigurationList section */
	};
	rootObject = 8A684EDD2574EB4100BD717C /* Project object */;
}
